
Microsoft Visual Studio Solution File, Format Version 12.00
# Visual Studio Version 16
VisualStudioVersion = 16.0.30114.105
MinimumVisualStudioVersion = 10.0.40219.1
Project("{FAE04EC0-301F-11D3-BF4B-00C04F79EFBC}") = "HiddenServiceBot", "HiddenServiceBot\HiddenServiceBot.csproj", "{B749DF5D-542E-452B-A86A-5BCEDF0AAA41}"
EndProject
Global
	GlobalSection(SolutionConfigurationPlatforms) = preSolution
		Debug|Any CPU = Debug|Any CPU
		Release|Any CPU = Release|Any CPU
	EndGlobalSection
	GlobalSection(ProjectConfigurationPlatforms) = postSolution
		{B749DF5D-542E-452B-A86A-5BCEDF0AAA41}.Debug|Any CPU.ActiveCfg = Debug|Any CPU
		{B749DF5D-542E-452B-A86A-5BCEDF0AAA41}.Debug|Any CPU.Build.0 = Debug|Any CPU
		{B749DF5D-542E-452B-A86A-5BCEDF0AAA41}.Release|Any CPU.ActiveCfg = Release|Any CPU
		{B749DF5D-542E-452B-A86A-5BCEDF0AAA41}.Release|Any CPU.Build.0 = Release|Any CPU
	EndGlobalSection
	GlobalSection(SolutionProperties) = preSolution
		HideSolutionNode = FALSE
	EndGlobalSection
	GlobalSection(ExtensibilityGlobals) = postSolution
		SolutionGuid = {6DB2DE17-1189-44E2-99D3-EF8D31ECBF31}
	EndGlobalSection
EndGlobal
